
Microsoft Visual Studio Solution File, Format Version 12.00
# Visual Studio Version 16
VisualStudioVersion = 16.0.31105.61
MinimumVisualStudioVersion = 10.0.40219.1
Project("{FAE04EC0-301F-11D3-BF4B-00C04F79EFBC}") = "JWT.app", "JWT.app\JWT.app.csproj", "{FFFFA928-DF18-4E64-946A-5D13E0C2B318}"
EndProject
Project("{2150E333-8FDC-42A3-9474-1A3956D46DE8}") = "Solution Items", "Solution Items", "{BE9757D4-EAF6-4C6E-B608-2821466F6EE5}"
	ProjectSection(SolutionItems) = preProject
		README.md = README.md
	EndProjectSection
EndProject
Global
	GlobalSection(SolutionConfigurationPlatforms) = preSolution
		Debug|Any CPU = Debug|Any CPU
		Release|Any CPU = Release|Any CPU
	EndGlobalSection
	GlobalSection(ProjectConfigurationPlatforms) = postSolution
		{FFFFA928-DF18-4E64-946A-5D13E0C2B318}.Debug|Any CPU.ActiveCfg = Debug|Any CPU
		{FFFFA928-DF18-4E64-946A-5D13E0C2B318}.Debug|Any CPU.Build.0 = Debug|Any CPU
		{FFFFA928-DF18-4E64-946A-5D13E0C2B318}.Release|Any CPU.ActiveCfg = Release|Any CPU
		{FFFFA928-DF18-4E64-946A-5D13E0C2B318}.Release|Any CPU.Build.0 = Release|Any CPU
	EndGlobalSection
	GlobalSection(SolutionProperties) = preSolution
		HideSolutionNode = FALSE
	EndGlobalSection
	GlobalSection(ExtensibilityGlobals) = postSolution
		SolutionGuid = {96248672-2269-4474-89C0-C42BF8337BE2}
	EndGlobalSection
EndGlobal
